
Microsoft Visual Studio Solution File, Format Version 11.00
# Visual Studio 2010
Project("{FAE04EC0-301F-11D3-BF4B-00C04F79EFBC}") = "UIAdapter", "UIAdapter\UIAdapter.csproj", "{C170E60C-A6AE-442A-998D-3989661522BE}"
EndProject
Global
	GlobalSection(SolutionConfigurationPlatforms) = preSolution
		Debug|Any CPU = Debug|Any CPU
		Debug|x64 = Debug|x64
		Release|Any CPU = Release|Any CPU
		Release|x64 = Release|x64
	EndGlobalSection
	GlobalSection(ProjectConfigurationPlatforms) = postSolution
		{C170E60C-A6AE-442A-998D-3989661522BE}.Debug|Any CPU.ActiveCfg = Debug|x64
		{C170E60C-A6AE-442A-998D-3989661522BE}.Debug|Any CPU.Build.0 = Debug|x64
		{C170E60C-A6AE-442A-998D-3989661522BE}.Debug|x64.ActiveCfg = Debug|x64
		{C170E60C-A6AE-442A-998D-3989661522BE}.Debug|x64.Build.0 = Debug|x64
		{C170E60C-A6AE-442A-998D-3989661522BE}.Release|Any CPU.ActiveCfg = Release|Any CPU
		{C170E60C-A6AE-442A-998D-3989661522BE}.Release|Any CPU.Build.0 = Release|Any CPU
		{C170E60C-A6AE-442A-998D-3989661522BE}.Release|x64.ActiveCfg = Release|x64
		{C170E60C-A6AE-442A-998D-3989661522BE}.Release|x64.Build.0 = Release|x64
	EndGlobalSection
	GlobalSection(SolutionProperties) = preSolution
		HideSolutionNode = FALSE
	EndGlobalSection
EndGlobal
